
Microsoft Visual Studio Solution File, Format Version 12.00
# Visual Studio 15
VisualStudioVersion = 15.0.26730.16
MinimumVisualStudioVersion = 10.0.40219.1
Project("{FAE04EC0-301F-11D3-BF4B-00C04F79EFBC}") = "PwnedApiWrapper", "PwnedApiWrapper\PwnedApiWrapper.csproj", "{98FAD44D-BA73-402A-B1CC-B82E05828B79}"
EndProject
Project("{FAE04EC0-301F-11D3-BF4B-00C04F79EFBC}") = "PwnedApiWrapper.App", "PwnedApiWrapper.App\PwnedApiWrapper.App.csproj", "{C330036F-8005-4320-B540-050CB331F7C1}"
EndProject
Global
	GlobalSection(SolutionConfigurationPlatforms) = preSolution
		Debug|Any CPU = Debug|Any CPU
		Release|Any CPU = Release|Any CPU
	EndGlobalSection
	GlobalSection(ProjectConfigurationPlatforms) = postSolution
		{98FAD44D-BA73-402A-B1CC-B82E05828B79}.Debug|Any CPU.ActiveCfg = Debug|Any CPU
		{98FAD44D-BA73-402A-B1CC-B82E05828B79}.Debug|Any CPU.Build.0 = Debug|Any CPU
		{98FAD44D-BA73-402A-B1CC-B82E05828B79}.Release|Any CPU.ActiveCfg = Release|Any CPU
		{98FAD44D-BA73-402A-B1CC-B82E05828B79}.Release|Any CPU.Build.0 = Release|Any CPU
		{C330036F-8005-4320-B540-050CB331F7C1}.Debug|Any CPU.ActiveCfg = Debug|Any CPU
		{C330036F-8005-4320-B540-050CB331F7C1}.Debug|Any CPU.Build.0 = Debug|Any CPU
		{C330036F-8005-4320-B540-050CB331F7C1}.Release|Any CPU.ActiveCfg = Release|Any CPU
		{C330036F-8005-4320-B540-050CB331F7C1}.Release|Any CPU.Build.0 = Release|Any CPU
	EndGlobalSection
	GlobalSection(SolutionProperties) = preSolution
		HideSolutionNode = FALSE
	EndGlobalSection
	GlobalSection(ExtensibilityGlobals) = postSolution
		SolutionGuid = {66C6D57B-E5F4-46DA-ACA9-F56B34D53751}
	EndGlobalSection
EndGlobal
